<Solution>
  <Folder Name="/.github/">
    <File Path=".github/renovate.json" />
  </Folder>
  <Folder Name="/.github/workflows/">
    <File Path=".github/workflows/build-and-test.yml" />
    <File Path=".github/workflows/codeql.yml" />
    <File Path=".github/workflows/publish-package.yml" />
  </Folder>
  <Folder Name="/src/">
    <Project Path="src/Soenneker.GraphQL.Generator/Soenneker.GraphQL.Generator.csproj" />
    <Project Path="cli/Soenneker.GraphQL.Generator.Cli/Soenneker.GraphQL.Generator.Cli.csproj" />
  </Folder>
  <Folder Name="/test/">
    <Project Path="test/Soenneker.GraphQL.Generator.Tests/Soenneker.GraphQL.Generator.Tests.csproj" />
  </Folder>
</Solution>